
Microsoft Visual Studio Solution File, Format Version 12.00
# Visual Studio Version 17
VisualStudioVersion = 17.13.35806.99 d17.13
MinimumVisualStudioVersion = 10.0.40219.1
Project("{8BC9CEB8-8B4A-11D0-8D11-00A0C91BC942}") = "250409_Dijkstra", "250409_Dijkstra\250409_Dijkstra.vcxproj", "{C61664A9-E15D-4EF8-8A4A-A76054A3EF14}"
EndProject
Global
	GlobalSection(SolutionConfigurationPlatforms) = preSolution
		Debug|x64 = Debug|x64
		Debug|x86 = Debug|x86
		Release|x64 = Release|x64
		Release|x86 = Release|x86
	EndGlobalSection
	GlobalSection(ProjectConfigurationPlatforms) = postSolution
		{C61664A9-E15D-4EF8-8A4A-A76054A3EF14}.Debug|x64.ActiveCfg = Debug|x64
		{C61664A9-E15D-4EF8-8A4A-A76054A3EF14}.Debug|x64.Build.0 = Debug|x64
		{C61664A9-E15D-4EF8-8A4A-A76054A3EF14}.Debug|x86.ActiveCfg = Debug|Win32
		{C61664A9-E15D-4EF8-8A4A-A76054A3EF14}.Debug|x86.Build.0 = Debug|Win32
		{C61664A9-E15D-4EF8-8A4A-A76054A3EF14}.Release|x64.ActiveCfg = Release|x64
		{C61664A9-E15D-4EF8-8A4A-A76054A3EF14}.Release|x64.Build.0 = Release|x64
		{C61664A9-E15D-4EF8-8A4A-A76054A3EF14}.Release|x86.ActiveCfg = Release|Win32
		{C61664A9-E15D-4EF8-8A4A-A76054A3EF14}.Release|x86.Build.0 = Release|Win32
	EndGlobalSection
	GlobalSection(SolutionProperties) = preSolution
		HideSolutionNode = FALSE
	EndGlobalSection
	GlobalSection(ExtensibilityGlobals) = postSolution
		SolutionGuid = {2E4A0232-E22E-4623-9924-10CBCD0679E3}
	EndGlobalSection
EndGlobal
